
Microsoft Visual Studio Solution File, Format Version 12.00
Project("{FAE04EC0-301F-11D3-BF4B-00C04F79EFBC}") = "Threads", "Threads\Threads.csproj", "{D5F45D7D-73B5-4132-8F6B-D867FAC149FF}"
EndProject
Global
	GlobalSection(SolutionConfigurationPlatforms) = preSolution
		Debug|Any CPU = Debug|Any CPU
		Release|Any CPU = Release|Any CPU
	EndGlobalSection
	GlobalSection(ProjectConfigurationPlatforms) = postSolution
		{D5F45D7D-73B5-4132-8F6B-D867FAC149FF}.Debug|Any CPU.ActiveCfg = Debug|Any CPU
		{D5F45D7D-73B5-4132-8F6B-D867FAC149FF}.Debug|Any CPU.Build.0 = Debug|Any CPU
		{D5F45D7D-73B5-4132-8F6B-D867FAC149FF}.Release|Any CPU.ActiveCfg = Release|Any CPU
		{D5F45D7D-73B5-4132-8F6B-D867FAC149FF}.Release|Any CPU.Build.0 = Release|Any CPU
	EndGlobalSection
EndGlobal
