
Microsoft Visual Studio Solution File, Format Version 12.00
Project("{FAE04EC0-301F-11D3-BF4B-00C04F79EFBC}") = "Singleton", "Singleton\Singleton.csproj", "{0043D96B-6A79-45B3-86F8-1A1CBFA2FF37}"
EndProject
Project("{FAE04EC0-301F-11D3-BF4B-00C04F79EFBC}") = "Facade", "Facade\Facade.csproj", "{D2073488-16D8-4068-836C-4399BD121A22}"
EndProject
Project("{FAE04EC0-301F-11D3-BF4B-00C04F79EFBC}") = "CircularArray", "CircularArray\CircularArray.csproj", "{844C66CE-FC9D-4C94-A9CE-B868DAD5217C}"
EndProject
Global
	GlobalSection(SolutionConfigurationPlatforms) = preSolution
		Debug|Any CPU = Debug|Any CPU
		Release|Any CPU = Release|Any CPU
	EndGlobalSection
	GlobalSection(ProjectConfigurationPlatforms) = postSolution
		{0043D96B-6A79-45B3-86F8-1A1CBFA2FF37}.Debug|Any CPU.ActiveCfg = Debug|Any CPU
		{0043D96B-6A79-45B3-86F8-1A1CBFA2FF37}.Debug|Any CPU.Build.0 = Debug|Any CPU
		{0043D96B-6A79-45B3-86F8-1A1CBFA2FF37}.Release|Any CPU.ActiveCfg = Release|Any CPU
		{0043D96B-6A79-45B3-86F8-1A1CBFA2FF37}.Release|Any CPU.Build.0 = Release|Any CPU
		{D2073488-16D8-4068-836C-4399BD121A22}.Debug|Any CPU.ActiveCfg = Debug|Any CPU
		{D2073488-16D8-4068-836C-4399BD121A22}.Debug|Any CPU.Build.0 = Debug|Any CPU
		{D2073488-16D8-4068-836C-4399BD121A22}.Release|Any CPU.ActiveCfg = Release|Any CPU
		{D2073488-16D8-4068-836C-4399BD121A22}.Release|Any CPU.Build.0 = Release|Any CPU
		{844C66CE-FC9D-4C94-A9CE-B868DAD5217C}.Debug|Any CPU.ActiveCfg = Debug|Any CPU
		{844C66CE-FC9D-4C94-A9CE-B868DAD5217C}.Debug|Any CPU.Build.0 = Debug|Any CPU
		{844C66CE-FC9D-4C94-A9CE-B868DAD5217C}.Release|Any CPU.ActiveCfg = Release|Any CPU
		{844C66CE-FC9D-4C94-A9CE-B868DAD5217C}.Release|Any CPU.Build.0 = Release|Any CPU
	EndGlobalSection
EndGlobal
